
Microsoft Visual Studio Solution File, Format Version 12.00
# Visual Studio Version 17
VisualStudioVersion = 17.14.36623.8 d17.14
MinimumVisualStudioVersion = 10.0.40219.1
Project("{FAE04EC0-301F-11D3-BF4B-00C04F79EFBC}") = "GrafAppCs2", "GrafAppCs2\GrafAppCs2.csproj", "{AD73A2A4-E6F9-40EF-BF8B-590619F51949}"
EndProject
Global
	GlobalSection(SolutionConfigurationPlatforms) = preSolution
		Debug|Any CPU = Debug|Any CPU
		Release|Any CPU = Release|Any CPU
	EndGlobalSection
	GlobalSection(ProjectConfigurationPlatforms) = postSolution
		{AD73A2A4-E6F9-40EF-BF8B-590619F51949}.Debug|Any CPU.ActiveCfg = Debug|Any CPU
		{AD73A2A4-E6F9-40EF-BF8B-590619F51949}.Debug|Any CPU.Build.0 = Debug|Any CPU
		{AD73A2A4-E6F9-40EF-BF8B-590619F51949}.Release|Any CPU.ActiveCfg = Release|Any CPU
		{AD73A2A4-E6F9-40EF-BF8B-590619F51949}.Release|Any CPU.Build.0 = Release|Any CPU
	EndGlobalSection
	GlobalSection(SolutionProperties) = preSolution
		HideSolutionNode = FALSE
	EndGlobalSection
	GlobalSection(ExtensibilityGlobals) = postSolution
		SolutionGuid = {456C4728-F28A-49EC-B326-2F7F27AC24B4}
	EndGlobalSection
EndGlobal
